# THIS IS AN AUTOGENERATED FILE. DO NOT EDIT THIS FILE DIRECTLY.
# yarn lockfile v1


"@wasmer/wasm-transformer@^0.12.0":
  version "0.12.0"
  resolved "https://registry.yarnpkg.com/@wasmer/wasm-transformer/-/wasm-transformer-0.12.0.tgz#72786f5688a1a233459b2b6dd7d9fb9d0563c555"
  integrity sha512-pz4hvrJhqjxsmrMgxIH6jaEJuaL4/1iPNUg0lSIdpWeszgoCYjpQUimzh7ekKCIxl8WuqKOmm2f5hX+Vt8Sx8w==
  dependencies:
    wasm-feature-detect "^1.2.2"

wasm-feature-detect@^1.2.2:
  version "1.2.10"
  resolved "https://registry.yarnpkg.com/wasm-feature-detect/-/wasm-feature-detect-1.2.10.tgz#f14384e2b03b1e20a901b3303ee5ab32d816d44d"
  integrity sha512-rXaUUtV7khnL4FJP8sbuA+cOky0RWar1w41TEIpeRzYUzbZR4rFFlA9FINLWDji+5WSt+L6Q3gP+aPgGbmORVQ==
